
Microsoft Visual Studio Solution File, Format Version 12.00
# Visual Studio Version 17
VisualStudioVersion = 17.9.34728.123
MinimumVisualStudioVersion = 10.0.40219.1
Project("{FAE04EC0-301F-11D3-BF4B-00C04F79EFBC}") = "FileStore", "FileStore\FileStore.csproj", "{14E70B27-355E-4367-BEA1-A3932FA2788E}"
EndProject
Global
	GlobalSection(SolutionConfigurationPlatforms) = preSolution
		Debug|Any CPU = Debug|Any CPU
		Release|Any CPU = Release|Any CPU
	EndGlobalSection
	GlobalSection(ProjectConfigurationPlatforms) = postSolution
		{14E70B27-355E-4367-BEA1-A3932FA2788E}.Debug|Any CPU.ActiveCfg = Debug|Any CPU
		{14E70B27-355E-4367-BEA1-A3932FA2788E}.Debug|Any CPU.Build.0 = Debug|Any CPU
		{14E70B27-355E-4367-BEA1-A3932FA2788E}.Debug|Any CPU.Deploy.0 = Debug|Any CPU
		{14E70B27-355E-4367-BEA1-A3932FA2788E}.Release|Any CPU.ActiveCfg = Release|Any CPU
		{14E70B27-355E-4367-BEA1-A3932FA2788E}.Release|Any CPU.Build.0 = Release|Any CPU
		{14E70B27-355E-4367-BEA1-A3932FA2788E}.Release|Any CPU.Deploy.0 = Release|Any CPU
	EndGlobalSection
	GlobalSection(SolutionProperties) = preSolution
		HideSolutionNode = FALSE
	EndGlobalSection
	GlobalSection(ExtensibilityGlobals) = postSolution
		SolutionGuid = {7E795F7A-5A91-4176-9F24-2A8F4EC28B8A}
	EndGlobalSection
EndGlobal
